
Microsoft Visual Studio Solution File, Format Version 12.00
# Visual Studio Version 16
VisualStudioVersion = 16.0.31205.134
MinimumVisualStudioVersion = 10.0.40219.1
Project("{9A19103F-16F7-4668-BE54-9A1E7A4F7556}") = "apirestcore31", "apirest2\apirestcore31.csproj", "{370BA25F-B234-4DEF-8866-F84DA4E6F0E9}"
EndProject
Project("{E53339B2-1760-4266-BCC7-CA923CBCF16C}") = "docker-compose", "docker-compose.dcproj", "{2FA7A428-D92A-48BE-95B0-6FD3FD9CEA9E}"
EndProject
Global
	GlobalSection(SolutionConfigurationPlatforms) = preSolution
		Debug|Any CPU = Debug|Any CPU
		Release|Any CPU = Release|Any CPU
	EndGlobalSection
	GlobalSection(ProjectConfigurationPlatforms) = postSolution
		{370BA25F-B234-4DEF-8866-F84DA4E6F0E9}.Debug|Any CPU.ActiveCfg = Debug|Any CPU
		{370BA25F-B234-4DEF-8866-F84DA4E6F0E9}.Debug|Any CPU.Build.0 = Debug|Any CPU
		{370BA25F-B234-4DEF-8866-F84DA4E6F0E9}.Release|Any CPU.ActiveCfg = Release|Any CPU
		{370BA25F-B234-4DEF-8866-F84DA4E6F0E9}.Release|Any CPU.Build.0 = Release|Any CPU
		{2FA7A428-D92A-48BE-95B0-6FD3FD9CEA9E}.Debug|Any CPU.ActiveCfg = Debug|Any CPU
		{2FA7A428-D92A-48BE-95B0-6FD3FD9CEA9E}.Debug|Any CPU.Build.0 = Debug|Any CPU
		{2FA7A428-D92A-48BE-95B0-6FD3FD9CEA9E}.Release|Any CPU.ActiveCfg = Release|Any CPU
		{2FA7A428-D92A-48BE-95B0-6FD3FD9CEA9E}.Release|Any CPU.Build.0 = Release|Any CPU
	EndGlobalSection
	GlobalSection(SolutionProperties) = preSolution
		HideSolutionNode = FALSE
	EndGlobalSection
	GlobalSection(ExtensibilityGlobals) = postSolution
		SolutionGuid = {5E395892-5B87-47C1-BC29-B29BF2807D9A}
	EndGlobalSection
EndGlobal
